<?xml version="1.0" encoding="utf-8"?>
<Project ToolsVersion="4.0" xmlns="http://schemas.microsoft.com/developer/msbuild/2003">
  <ItemGroup>
    <Filter Include="Source Files">
      <UniqueIdentifier>{4FC737F1-C7A5-4376-A066-2A32D752A2FF}</UniqueIdentifier>
      <Extensions>cpp;c;cc;cxx;c++;cppm;ixx;def;odl;idl;hpj;bat;asm;asmx</Extensions>
    </Filter>
    <Filter Include="Header Files">
      <UniqueIdentifier>{93995380-89BD-4b04-88EB-625FBE52EBFB}</UniqueIdentifier>
      <Extensions>h;hh;hpp;hxx;h++;hm;inl;inc;ipp;xsd</Extensions>
    </Filter>
    <Filter Include="Resource Files">
      <UniqueIdentifier>{67DA6AB6-F800-4c08-8B7A-83BB121AAD01}</UniqueIdentifier>
      <Extensions>rc;ico;cur;bmp;dlg;rc2;rct;bin;rgs;gif;jpg;jpeg;jpe;resx;tiff;tif;png;wav;mfcribbon-ms</Extensions>
    </Filter>
    <Filter Include="Source Files\Core">
      <UniqueIdentifier>{67ad6ddc-1f6e-433d-99c5-458f1c025825}</UniqueIdentifier>
    </Filter>
    <Filter Include="Source Files\Components">
      <UniqueIdentifier>{4fae607b-f027-4174-b5a4-8d6c364a8999}</UniqueIdentifier>
    </Filter>
    <Filter Include="Source Files\Systems">
      <UniqueIdentifier>{d0672fef-e45c-4e5b-96e0-14dbdbaf3aa3}</UniqueIdentifier>
    </Filter>
    <Filter Include="Source Files\Systems\VelocityApplier">
      <UniqueIdentifier>{f7714325-5de9-46e6-9321-8afe2a1e5b9a}</UniqueIdentifier>
    </Filter>
    <Filter Include="Source Files\Systems\Simulation">
      <UniqueIdentifier>{e93c9218-01ba-478b-bb1c-666cd3918dfe}</UniqueIdentifier>
    </Filter>
    <Filter Include="Source Files\Systems\BulletEndCondition">
      <UniqueIdentifier>{702e5bc6-6bb5-4c1f-92b0-519ac61ea38b}</UniqueIdentifier>
    </Filter>
    <Filter Include="Source Files\Systems\DeadBulletSolver">
      <UniqueIdentifier>{fe6fc9ef-08e1-460d-aa9a-98f8033a734f}</UniqueIdentifier>
    </Filter>
    <Filter Include="Source Files\Systems\Physics">
      <UniqueIdentifier>{08b70274-f130-45bc-97fe-fc0dbd4124b5}</UniqueIdentifier>
    </Filter>
    <Filter Include="Source Files\Systems\TargetMinDistanceCheck">
      <UniqueIdentifier>{df53af56-e24e-47a8-911c-ba8751c4b530}</UniqueIdentifier>
    </Filter>
    <Filter Include="Source Files\Systems\Print">
      <UniqueIdentifier>{84b34a62-7b4c-4698-8704-3fc68f699559}</UniqueIdentifier>
    </Filter>
  </ItemGroup>
  <ItemGroup>
    <ClCompile Include="VrgTest.cpp">
      <Filter>Source Files</Filter>
    </ClCompile>
    <ClCompile Include="Systems\VelocityApplier\VelocityApplierSystem.cpp">
      <Filter>Source Files\Systems\VelocityApplier</Filter>
    </ClCompile>
    <ClCompile Include="Systems\Simulation\SimulationSystem.cpp">
      <Filter>Source Files\Systems\Simulation</Filter>
    </ClCompile>
    <ClCompile Include="Systems\BulletEndCondition\BulletEndConditionSystem.cpp">
      <Filter>Source Files\Systems\BulletEndCondition</Filter>
    </ClCompile>
    <ClCompile Include="Systems\DeadBulletSolver\DeadBulletSolverSystem.cpp">
      <Filter>Source Files\Systems\DeadBulletSolver</Filter>
    </ClCompile>
    <ClCompile Include="Systems\Physics\PhysicsSystem.cpp">
      <Filter>Source Files\Systems\Physics</Filter>
    </ClCompile>
    <ClCompile Include="Systems\TargetMinDistanceCheck\TargetMinDistanceCheckSystem.cpp">
      <Filter>Source Files\Systems\TargetMinDistanceCheck</Filter>
    </ClCompile>
    <ClCompile Include="Systems\Print\PrintSystem.cpp">
      <Filter>Source Files\Systems\Print</Filter>
    </ClCompile>
    <ClCompile Include="Simulator.cpp">
      <Filter>Source Files</Filter>
    </ClCompile>
  </ItemGroup>
  <ItemGroup>
    <ClInclude Include="Core\Maths.hpp">
      <Filter>Source Files\Core</Filter>
    </ClInclude>
    <ClInclude Include="Components\Position.hpp">
      <Filter>Source Files\Components</Filter>
    </ClInclude>
    <ClInclude Include="Components\Mass.hpp">
      <Filter>Source Files\Components</Filter>
    </ClInclude>
    <ClInclude Include="Components\Velocity.hpp">
      <Filter>Source Files\Components</Filter>
    </ClInclude>
    <ClInclude Include="Systems\VelocityApplier\VelocityApplierSystem.hpp">
      <Filter>Source Files\Systems\VelocityApplier</Filter>
    </ClInclude>
    <ClInclude Include="Components\ActiveBullet.hpp">
      <Filter>Source Files\Components</Filter>
    </ClInclude>
    <ClInclude Include="Systems\Simulation\SimulationSystem.hpp">
      <Filter>Source Files\Systems\Simulation</Filter>
    </ClInclude>
    <ClInclude Include="Components\SimulationData.hpp">
      <Filter>Source Files\Components</Filter>
    </ClInclude>
    <ClInclude Include="Systems\BulletEndCondition\BulletEndConditionSystem.hpp">
      <Filter>Source Files\Systems\BulletEndCondition</Filter>
    </ClInclude>
    <ClInclude Include="Components\ActiveSimulation.hpp">
      <Filter>Source Files\Components</Filter>
    </ClInclude>
    <ClInclude Include="Components\Angle.hpp">
      <Filter>Source Files\Components</Filter>
    </ClInclude>
    <ClInclude Include="Components\DeadBullet.hpp">
      <Filter>Source Files\Components</Filter>
    </ClInclude>
    <ClInclude Include="Components\MinDistance.hpp">
      <Filter>Source Files\Components</Filter>
    </ClInclude>
    <ClInclude Include="Systems\DeadBulletSolver\DeadBulletSolverSystem.hpp">
      <Filter>Source Files\Systems\DeadBulletSolver</Filter>
    </ClInclude>
    <ClInclude Include="Systems\Physics\PhysicsSystem.hpp">
      <Filter>Source Files\Systems\Physics</Filter>
    </ClInclude>
    <ClInclude Include="Systems\TargetMinDistanceCheck\TargetMinDistanceCheckSystem.hpp">
      <Filter>Source Files\Systems\TargetMinDistanceCheck</Filter>
    </ClInclude>
    <ClInclude Include="Systems\Print\PrintSystem.hpp">
      <Filter>Source Files\Systems\Print</Filter>
    </ClInclude>
    <ClInclude Include="Simulator.hpp">
      <Filter>Source Files</Filter>
    </ClInclude>
  </ItemGroup>
</Project>